
Microsoft Visual Studio Solution File, Format Version 12.00
# Visual Studio Version 17
VisualStudioVersion = 17.3.32922.545
MinimumVisualStudioVersion = 10.0.40219.1
Project("{FAE04EC0-301F-11D3-BF4B-00C04F79EFBC}") = "NativeSPTManager", "NativeSPTManager.csproj", "{F78C7EC0-801A-4B57-ACC3-82E9E3BFF374}"
EndProject
Global
	GlobalSection(SolutionConfigurationPlatforms) = preSolution
		Debug|Any CPU = Debug|Any CPU
		Release|Any CPU = Release|Any CPU
	EndGlobalSection
	GlobalSection(ProjectConfigurationPlatforms) = postSolution
		{F78C7EC0-801A-4B57-ACC3-82E9E3BFF374}.Debug|Any CPU.ActiveCfg = Debug|Any CPU
		{F78C7EC0-801A-4B57-ACC3-82E9E3BFF374}.Debug|Any CPU.Build.0 = Debug|Any CPU
		{F78C7EC0-801A-4B57-ACC3-82E9E3BFF374}.Release|Any CPU.ActiveCfg = Release|Any CPU
		{F78C7EC0-801A-4B57-ACC3-82E9E3BFF374}.Release|Any CPU.Build.0 = Release|Any CPU
	EndGlobalSection
	GlobalSection(SolutionProperties) = preSolution
		HideSolutionNode = FALSE
	EndGlobalSection
	GlobalSection(ExtensibilityGlobals) = postSolution
		SolutionGuid = {6E237A6D-A060-4B50-8D7F-677BE9D7772F}
	EndGlobalSection
EndGlobal
